{
  "version": 4,
  "terraform_version": "0.12.31",
  "serial": 2,
  "lineage": "9a0cc547-6acd-539f-9eb6-879de26ec9b0",
  "outputs": {},
  "resources": [
    {
      "mode": "managed",
      "type": "aws_s3_bucket",
      "name": "b",
      "provider": "provider.aws",
      "instances": [
        {
          "status": "tainted",
          "schema_version": 0,
          "attributes": {
            "acceleration_status": null,
            "acl": "public-read",
            "arn": null,
            "bucket": "brettd-reactjs-test",
            "bucket_domain_name": null,
            "bucket_prefix": null,
            "bucket_regional_domain_name": null,
            "cors_rule": [],
            "force_destroy": false,
            "grant": [],
            "hosted_zone_id": null,
            "id": "brettd-reactjs-test",
            "lifecycle_rule": [],
            "logging": [],
            "object_lock_configuration": [],
            "policy": "{\n  \"Version\": \"2012-10-17\",\n  \"Statement\": [\n    {\n      \"Sid\": \"PublicReadGetObject\",\n      \"Effect\": \"Allow\",\n      \"Principal\": \"*\",\n      \"Action\": [\"s3:GetObject\"],\n      \"Resource\": [\"arn:aws:s3:::brettd-reactjs-lol/*\"]\n    }\n  ]\n}\n",
            "region": null,
            "replication_configuration": [],
            "request_payer": null,
            "server_side_encryption_configuration": [],
            "tags": null,
            "versioning": null,
            "website": [
              {
                "error_document": "error.html",
                "index_document": "index.html",
                "redirect_all_requests_to": "",
                "routing_rules": "[{\n    \"Condition\": {\n        \"KeyPrefixEquals\": \"docs/\"\n    },\n    \"Redirect\": {\n        \"ReplaceKeyPrefixWith\": \"documents/\"\n    }\n}]\n"
              }
            ],
            "website_domain": null,
            "website_endpoint": null
          },
          "private": "bnVsbA=="
        }
      ]
    }
  ]
}
